
Microsoft Visual Studio Solution File, Format Version 12.00
# Visual Studio Version 17
VisualStudioVersion = 17.8.34525.116
MinimumVisualStudioVersion = 10.0.40219.1
Project("{FAE04EC0-301F-11D3-BF4B-00C04F79EFBC}") = "BigBoarsSession2", "BigBoarsSession2\BigBoarsSession2.csproj", "{9DEF4811-A16D-4938-90B1-10C073ABE3E4}"
EndProject
Global
	GlobalSection(SolutionConfigurationPlatforms) = preSolution
		Debug|Any CPU = Debug|Any CPU
		Release|Any CPU = Release|Any CPU
	EndGlobalSection
	GlobalSection(ProjectConfigurationPlatforms) = postSolution
		{9DEF4811-A16D-4938-90B1-10C073ABE3E4}.Debug|Any CPU.ActiveCfg = Debug|Any CPU
		{9DEF4811-A16D-4938-90B1-10C073ABE3E4}.Debug|Any CPU.Build.0 = Debug|Any CPU
		{9DEF4811-A16D-4938-90B1-10C073ABE3E4}.Release|Any CPU.ActiveCfg = Release|Any CPU
		{9DEF4811-A16D-4938-90B1-10C073ABE3E4}.Release|Any CPU.Build.0 = Release|Any CPU
	EndGlobalSection
	GlobalSection(SolutionProperties) = preSolution
		HideSolutionNode = FALSE
	EndGlobalSection
	GlobalSection(ExtensibilityGlobals) = postSolution
		SolutionGuid = {D399E743-6E3E-4B14-A0BB-F92C434BF8A6}
	EndGlobalSection
EndGlobal
